
Microsoft Visual Studio Solution File, Format Version 12.00
# Visual Studio Version 16
VisualStudioVersion = 16.0.32002.261
MinimumVisualStudioVersion = 10.0.40219.1
Project("{9A19103F-16F7-4668-BE54-9A1E7A4F7556}") = "Rectangle2D", "Rectangle2D\Rectangle2D.csproj", "{B011613D-8969-4C26-A66D-2C529B88D53E}"
EndProject
Project("{9A19103F-16F7-4668-BE54-9A1E7A4F7556}") = "Ellipse2D", "Ellipse2D\Ellipse2D.csproj", "{FA580881-36B7-48BF-9BD4-449648A702CB}"
EndProject
Project("{9A19103F-16F7-4668-BE54-9A1E7A4F7556}") = "Star2D", "Star2D\Star2D.csproj", "{961990CE-D46B-4847-8D74-CC29FAE13748}"
EndProject
Project("{FAE04EC0-301F-11D3-BF4B-00C04F79EFBC}") = "Triangle2D", "Triangle2D\Triangle2D.csproj", "{956AD283-A341-4048-870B-06C4E410CF18}"
EndProject
Project("{FAE04EC0-301F-11D3-BF4B-00C04F79EFBC}") = "Hexagon2D", "Hexagon2D\Hexagon2D.csproj", "{C351ADBB-B8FC-4FC1-92A1-ED76E1363BCC}"
EndProject
Project("{FAE04EC0-301F-11D3-BF4B-00C04F79EFBC}") = "Diamond2D", "Diamond2D\Diamond2D.csproj", "{D4CAC429-4EE2-4D41-BB4E-EBC7C9A11914}"
EndProject
Project("{FAE04EC0-301F-11D3-BF4B-00C04F79EFBC}") = "Arrow2D", "Arrow2D\Arrow2D.csproj", "{7DCFB020-9AD0-4882-A617-3B64DE9E4CE2}"
EndProject
Global
	GlobalSection(SolutionConfigurationPlatforms) = preSolution
		Debug|Any CPU = Debug|Any CPU
		Release|Any CPU = Release|Any CPU
	EndGlobalSection
	GlobalSection(ProjectConfigurationPlatforms) = postSolution
		{B011613D-8969-4C26-A66D-2C529B88D53E}.Debug|Any CPU.ActiveCfg = Debug|Any CPU
		{B011613D-8969-4C26-A66D-2C529B88D53E}.Debug|Any CPU.Build.0 = Debug|Any CPU
		{B011613D-8969-4C26-A66D-2C529B88D53E}.Release|Any CPU.ActiveCfg = Release|Any CPU
		{B011613D-8969-4C26-A66D-2C529B88D53E}.Release|Any CPU.Build.0 = Release|Any CPU
		{FA580881-36B7-48BF-9BD4-449648A702CB}.Debug|Any CPU.ActiveCfg = Debug|Any CPU
		{FA580881-36B7-48BF-9BD4-449648A702CB}.Debug|Any CPU.Build.0 = Debug|Any CPU
		{FA580881-36B7-48BF-9BD4-449648A702CB}.Release|Any CPU.ActiveCfg = Release|Any CPU
		{FA580881-36B7-48BF-9BD4-449648A702CB}.Release|Any CPU.Build.0 = Release|Any CPU
		{961990CE-D46B-4847-8D74-CC29FAE13748}.Debug|Any CPU.ActiveCfg = Debug|Any CPU
		{961990CE-D46B-4847-8D74-CC29FAE13748}.Debug|Any CPU.Build.0 = Debug|Any CPU
		{961990CE-D46B-4847-8D74-CC29FAE13748}.Release|Any CPU.ActiveCfg = Release|Any CPU
		{961990CE-D46B-4847-8D74-CC29FAE13748}.Release|Any CPU.Build.0 = Release|Any CPU
		{956AD283-A341-4048-870B-06C4E410CF18}.Debug|Any CPU.ActiveCfg = Debug|Any CPU
		{956AD283-A341-4048-870B-06C4E410CF18}.Debug|Any CPU.Build.0 = Debug|Any CPU
		{956AD283-A341-4048-870B-06C4E410CF18}.Release|Any CPU.ActiveCfg = Release|Any CPU
		{956AD283-A341-4048-870B-06C4E410CF18}.Release|Any CPU.Build.0 = Release|Any CPU
		{C351ADBB-B8FC-4FC1-92A1-ED76E1363BCC}.Debug|Any CPU.ActiveCfg = Debug|Any CPU
		{C351ADBB-B8FC-4FC1-92A1-ED76E1363BCC}.Debug|Any CPU.Build.0 = Debug|Any CPU
		{C351ADBB-B8FC-4FC1-92A1-ED76E1363BCC}.Release|Any CPU.ActiveCfg = Release|Any CPU
		{C351ADBB-B8FC-4FC1-92A1-ED76E1363BCC}.Release|Any CPU.Build.0 = Release|Any CPU
		{D4CAC429-4EE2-4D41-BB4E-EBC7C9A11914}.Debug|Any CPU.ActiveCfg = Debug|Any CPU
		{D4CAC429-4EE2-4D41-BB4E-EBC7C9A11914}.Debug|Any CPU.Build.0 = Debug|Any CPU
		{D4CAC429-4EE2-4D41-BB4E-EBC7C9A11914}.Release|Any CPU.ActiveCfg = Release|Any CPU
		{D4CAC429-4EE2-4D41-BB4E-EBC7C9A11914}.Release|Any CPU.Build.0 = Release|Any CPU
		{7DCFB020-9AD0-4882-A617-3B64DE9E4CE2}.Debug|Any CPU.ActiveCfg = Debug|Any CPU
		{7DCFB020-9AD0-4882-A617-3B64DE9E4CE2}.Debug|Any CPU.Build.0 = Debug|Any CPU
		{7DCFB020-9AD0-4882-A617-3B64DE9E4CE2}.Release|Any CPU.ActiveCfg = Release|Any CPU
		{7DCFB020-9AD0-4882-A617-3B64DE9E4CE2}.Release|Any CPU.Build.0 = Release|Any CPU
	EndGlobalSection
	GlobalSection(SolutionProperties) = preSolution
		HideSolutionNode = FALSE
	EndGlobalSection
	GlobalSection(ExtensibilityGlobals) = postSolution
		SolutionGuid = {445AB846-4EAD-4E88-81BC-94B1D74507C4}
	EndGlobalSection
EndGlobal
